<Solution>
  <Project Path="UnityEditor.TestRunner.csproj" />
  <Project Path="Unity.Multiplayer.Center.Editor.csproj" />
  <Project Path="UnityEngine.TestRunner.csproj" />
  <Project Path="Unity.VisualStudio.Editor.csproj" />
  <Project Path="Assembly-CSharp.csproj" />
  <Project Path="Unity.Multiplayer.Center.Common.csproj" />
  <Project Path="Assembly-CSharp-Editor.csproj" />
</Solution>
